# This is a Gradle generated file for dependency locking.
# Manual edits can break the build and are not advised.
# This file is expected to be part of source control.
org.bytedeco.gradle-javacpp-platform:org.bytedeco.gradle-javacpp-platform.gradle.plugin:1.5.9=classpath
org.bytedeco:gradle-javacpp:1.5.9=classpath
org.bytedeco:javacpp:1.5.9=classpath
empty=
