# This is a Gradle generated file for dependency locking.
# Manual edits can break the build and are not advised.
# This file is expected to be part of source control.
antlr:antlr:2.7.7=checkstyle
aopalliance:aopalliance:1.0=annotationProcessor,errorprone,testAnnotationProcessor,testFixturesAnnotationProcessor
com.clearspring.analytics:stream:2.7.0=compileClasspath,runtimeClasspath,testCompileClasspath,testFixturesRuntimeClasspath,testRuntimeClasspath
com.github.ben-manes.caffeine:caffeine:3.0.5=annotationProcessor,errorprone,testAnnotationProcessor,testFixturesAnnotationProcessor
com.github.jai-imageio:jai-imageio-core:1.3.0=compileClasspath,runtimeClasspath,testCompileClasspath,testFixturesRuntimeClasspath,testRuntimeClasspath
com.github.kevinstern:software-and-algorithms:1.0=annotationProcessor,errorprone,testAnnotationProcessor,testFixturesAnnotationProcessor
com.github.os72:protobuf-java-shaded-351:0.9=compileClasspath,runtimeClasspath,testCompileClasspath,testFixturesRuntimeClasspath,testRuntimeClasspath
com.github.os72:protobuf-java-util-shaded-351:0.9=compileClasspath,runtimeClasspath,testCompileClasspath,testFixturesRuntimeClasspath,testRuntimeClasspath
com.github.spotbugs:spotbugs-annotations:4.5.3=spotbugs
com.github.spotbugs:spotbugs:4.5.3=spotbugs
com.google.auto.service:auto-service-annotations:1.0.1=annotationProcessor,errorprone,testAnnotationProcessor,testFixturesAnnotationProcessor
com.google.auto.value:auto-value-annotations:1.8.1=testCompileClasspath,testRuntimeClasspath
com.google.auto.value:auto-value-annotations:1.9=annotationProcessor,errorprone,testAnnotationProcessor,testFixturesAnnotationProcessor
com.google.auto.value:auto-value:1.10=testCompileClasspath,testRuntimeClasspath
com.google.auto:auto-common:1.2.1=annotationProcessor,errorprone,testAnnotationProcessor,testCompileClasspath,testFixturesAnnotationProcessor,testRuntimeClasspath
com.google.code.findbugs:jsr305:3.0.2=annotationProcessor,checkstyle,errorprone,spotbugs,testAnnotationProcessor,testCompileClasspath,testFixturesAnnotationProcessor,testRuntimeClasspath
com.google.code.gson:gson:2.8.9=spotbugs
com.google.code.gson:gson:2.9.1=compileClasspath,runtimeClasspath,testCompileClasspath,testFixturesRuntimeClasspath,testRuntimeClasspath
com.google.errorprone:error_prone_annotation:2.21.1=annotationProcessor,errorprone,testAnnotationProcessor,testFixturesAnnotationProcessor
com.google.errorprone:error_prone_annotations:2.11.0=testRuntimeClasspath
com.google.errorprone:error_prone_annotations:2.21.1=annotationProcessor,compileClasspath,errorprone,testAnnotationProcessor,testCompileClasspath,testFixturesAnnotationProcessor,testFixturesCompileClasspath
com.google.errorprone:error_prone_annotations:2.5.1=checkstyle
com.google.errorprone:error_prone_check_api:2.21.1=annotationProcessor,errorprone,testAnnotationProcessor,testFixturesAnnotationProcessor
com.google.errorprone:error_prone_core:2.21.1=annotationProcessor,errorprone,testAnnotationProcessor,testFixturesAnnotationProcessor
com.google.errorprone:error_prone_type_annotations:2.21.1=annotationProcessor,errorprone,testAnnotationProcessor,testFixturesAnnotationProcessor
com.google.errorprone:javac:9+181-r4173-1=errorproneJavac
com.google.guava:failureaccess:1.0.1=annotationProcessor,checkstyle,errorprone,testAnnotationProcessor,testCompileClasspath,testFixturesAnnotationProcessor,testRuntimeClasspath
com.google.guava:guava-parent:32.1.1-jre=annotationProcessor,errorprone,testAnnotationProcessor,testFixturesAnnotationProcessor
com.google.guava:guava:20.0=compileClasspath,runtimeClasspath,testFixturesRuntimeClasspath
com.google.guava:guava:30.1.1-jre=checkstyle
com.google.guava:guava:31.1-jre=testCompileClasspath,testRuntimeClasspath
com.google.guava:guava:32.1.1-jre=annotationProcessor,errorprone,testAnnotationProcessor,testFixturesAnnotationProcessor
com.google.guava:listenablefuture:9999.0-empty-to-avoid-conflict-with-guava=checkstyle,testCompileClasspath,testRuntimeClasspath
com.google.inject:guice:5.1.0=annotationProcessor,errorprone,testAnnotationProcessor,testFixturesAnnotationProcessor
com.google.j2objc:j2objc-annotations:1.3=checkstyle,testCompileClasspath,testRuntimeClasspath
com.google.protobuf:protobuf-java:3.19.6=annotationProcessor,errorprone,testAnnotationProcessor,testFixturesAnnotationProcessor
com.google.testing.compile:compile-testing:0.21.0=testCompileClasspath,testRuntimeClasspath
com.google.truth:truth:1.1.3=testCompileClasspath,testRuntimeClasspath
com.puppycrawl.tools:checkstyle:8.45.1=checkstyle
com.tdunning:t-digest:3.2=compileClasspath,runtimeClasspath,testCompileClasspath,testFixturesRuntimeClasspath,testRuntimeClasspath
com.twelvemonkeys.common:common-image:3.1.1=compileClasspath,runtimeClasspath,testCompileClasspath,testFixturesRuntimeClasspath,testRuntimeClasspath
com.twelvemonkeys.common:common-io:3.1.1=compileClasspath,runtimeClasspath,testCompileClasspath,testFixturesRuntimeClasspath,testRuntimeClasspath
com.twelvemonkeys.common:common-lang:3.1.1=compileClasspath,runtimeClasspath,testCompileClasspath,testFixturesRuntimeClasspath,testRuntimeClasspath
com.twelvemonkeys.imageio:imageio-bmp:3.1.1=compileClasspath,runtimeClasspath,testCompileClasspath,testFixturesRuntimeClasspath,testRuntimeClasspath
com.twelvemonkeys.imageio:imageio-core:3.1.1=compileClasspath,runtimeClasspath,testCompileClasspath,testFixturesRuntimeClasspath,testRuntimeClasspath
com.twelvemonkeys.imageio:imageio-jpeg:3.1.1=compileClasspath,runtimeClasspath,testCompileClasspath,testFixturesRuntimeClasspath,testRuntimeClasspath
com.twelvemonkeys.imageio:imageio-metadata:3.1.1=compileClasspath,runtimeClasspath,testCompileClasspath,testFixturesRuntimeClasspath,testRuntimeClasspath
com.twelvemonkeys.imageio:imageio-psd:3.1.1=compileClasspath,runtimeClasspath,testCompileClasspath,testFixturesRuntimeClasspath,testRuntimeClasspath
com.twelvemonkeys.imageio:imageio-tiff:3.1.1=compileClasspath,runtimeClasspath,testCompileClasspath,testFixturesRuntimeClasspath,testRuntimeClasspath
com.uber.nullaway:nullaway:0.10.12=annotationProcessor,errorprone,testAnnotationProcessor,testFixturesAnnotationProcessor
com.vlkan:flatbuffers:1.2.0-3f79e055=compileClasspath,runtimeClasspath,testCompileClasspath,testFixturesRuntimeClasspath,testRuntimeClasspath
commons-beanutils:commons-beanutils:1.9.4=checkstyle
commons-codec:commons-codec:1.15=compileClasspath,runtimeClasspath,testCompileClasspath,testFixturesRuntimeClasspath,testRuntimeClasspath
commons-collections:commons-collections:3.2.2=checkstyle
commons-io:commons-io:2.4=compileClasspath,runtimeClasspath,testCompileClasspath,testFixturesRuntimeClasspath,testRuntimeClasspath
commons-net:commons-net:3.1=compileClasspath,runtimeClasspath,testCompileClasspath,testFixturesRuntimeClasspath,testRuntimeClasspath
info.picocli:picocli:4.6.1=checkstyle
io.github.eisop:dataflow-errorprone:3.34.0-eisop1=annotationProcessor,errorprone,testAnnotationProcessor,testFixturesAnnotationProcessor
io.github.java-diff-utils:java-diff-utils:4.0=annotationProcessor,errorprone,testAnnotationProcessor,testFixturesAnnotationProcessor
it.unimi.dsi:fastutil:6.5.7=compileClasspath,runtimeClasspath,testCompileClasspath,testFixturesRuntimeClasspath,testRuntimeClasspath
jakarta.annotation:jakarta.annotation-api:1.3.5=runtimeClasspath,testFixturesRuntimeClasspath,testRuntimeClasspath
javax.inject:javax.inject:1=annotationProcessor,errorprone,testAnnotationProcessor,testFixturesAnnotationProcessor
jaxen:jaxen:1.2.0=spotbugs
joda-time:joda-time:2.9.2=compileClasspath,runtimeClasspath,testCompileClasspath,testFixturesRuntimeClasspath,testRuntimeClasspath
net.bytebuddy:byte-buddy:1.12.23=testCompileClasspath,testRuntimeClasspath
net.ericaro:neoitertools:1.0.0=compileClasspath,runtimeClasspath,testCompileClasspath,testFixturesRuntimeClasspath,testRuntimeClasspath
net.jcip:jcip-annotations:1.0=spotbugs
net.sf.opencsv:opencsv:2.3=compileClasspath,runtimeClasspath,testCompileClasspath,testFixturesRuntimeClasspath,testRuntimeClasspath
net.sf.saxon:Saxon-HE:10.5=checkstyle
net.sf.saxon:Saxon-HE:10.6=spotbugs
org.antlr:antlr4-runtime:4.9.2=checkstyle
org.apache.bcel:bcel:6.5.0=spotbugs
org.apache.commons:commons-compress:1.16.1=compileClasspath,runtimeClasspath,testCompileClasspath,testFixturesRuntimeClasspath,testRuntimeClasspath
org.apache.commons:commons-lang3:3.12.0=compileClasspath,runtimeClasspath,spotbugs,testCompileClasspath,testFixturesRuntimeClasspath,testRuntimeClasspath
org.apache.commons:commons-math3:3.4.1=compileClasspath,runtimeClasspath,testCompileClasspath,testFixturesRuntimeClasspath,testRuntimeClasspath
org.apache.commons:commons-text:1.9=spotbugs
org.apache.logging.log4j:log4j-api:2.20.0=compileClasspath,runtimeClasspath,testCompileClasspath,testFixturesRuntimeClasspath,testRuntimeClasspath
org.apache.logging.log4j:log4j-core:2.17.2=runtimeClasspath,testFixturesRuntimeClasspath,testRuntimeClasspath
org.apache.logging.log4j:log4j-jul:2.17.2=runtimeClasspath,testFixturesRuntimeClasspath,testRuntimeClasspath
org.apache.logging.log4j:log4j-slf4j-impl:2.17.2=runtimeClasspath,testFixturesRuntimeClasspath,testRuntimeClasspath
org.apiguardian:apiguardian-api:1.1.2=testCompileClasspath
org.assertj:assertj-core:3.24.2=testCompileClasspath,testRuntimeClasspath
org.bytedeco.javacpp-presets:artoolkitplus:2.3.1-1.4.1=compileClasspath,runtimeClasspath,testCompileClasspath,testFixturesRuntimeClasspath,testRuntimeClasspath
org.bytedeco.javacpp-presets:ffmpeg:3.4.2-1.4.1=compileClasspath,runtimeClasspath,testCompileClasspath,testFixturesRuntimeClasspath,testRuntimeClasspath
org.bytedeco.javacpp-presets:flandmark:1.07-1.4.1=compileClasspath,runtimeClasspath,testCompileClasspath,testFixturesRuntimeClasspath,testRuntimeClasspath
org.bytedeco.javacpp-presets:flycapture:2.11.3.121-1.4.1=compileClasspath,runtimeClasspath,testCompileClasspath,testFixturesRuntimeClasspath,testRuntimeClasspath
org.bytedeco.javacpp-presets:hdf5-platform:1.10.1-1.4.1=compileClasspath,runtimeClasspath,testCompileClasspath,testFixturesRuntimeClasspath,testRuntimeClasspath
org.bytedeco.javacpp-presets:hdf5:1.10.1-1.4.1=compileClasspath,runtimeClasspath,testCompileClasspath,testFixturesRuntimeClasspath,testRuntimeClasspath
org.bytedeco.javacpp-presets:leptonica-platform:1.75.3-1.4.1=compileClasspath,runtimeClasspath,testCompileClasspath,testFixturesRuntimeClasspath,testRuntimeClasspath
org.bytedeco.javacpp-presets:leptonica:1.75.3-1.4.1=compileClasspath,runtimeClasspath,testCompileClasspath,testFixturesRuntimeClasspath,testRuntimeClasspath
org.bytedeco.javacpp-presets:libdc1394:2.2.5-1.4.1=compileClasspath,runtimeClasspath,testCompileClasspath,testFixturesRuntimeClasspath,testRuntimeClasspath
org.bytedeco.javacpp-presets:libfreenect2:0.2.0-1.4.1=compileClasspath,runtimeClasspath,testCompileClasspath,testFixturesRuntimeClasspath,testRuntimeClasspath
org.bytedeco.javacpp-presets:libfreenect:0.5.3-1.4.1=compileClasspath,runtimeClasspath,testCompileClasspath,testFixturesRuntimeClasspath,testRuntimeClasspath
org.bytedeco.javacpp-presets:librealsense:1.12.1-1.4.1=compileClasspath,runtimeClasspath,testCompileClasspath,testFixturesRuntimeClasspath,testRuntimeClasspath
org.bytedeco.javacpp-presets:mkl:2018.1-1.4.1=runtimeClasspath,testFixturesRuntimeClasspath,testRuntimeClasspath
org.bytedeco.javacpp-presets:openblas:0.2.20-1.4.1=runtimeClasspath,testFixturesRuntimeClasspath,testRuntimeClasspath
org.bytedeco.javacpp-presets:opencv-platform:3.4.1-1.4.1=compileClasspath,runtimeClasspath,testCompileClasspath,testFixturesRuntimeClasspath,testRuntimeClasspath
org.bytedeco.javacpp-presets:opencv:3.4.1-1.4.1=compileClasspath,runtimeClasspath,testCompileClasspath,testFixturesRuntimeClasspath,testRuntimeClasspath
org.bytedeco.javacpp-presets:videoinput:0.200-1.4.1=compileClasspath,runtimeClasspath,testCompileClasspath,testFixturesRuntimeClasspath,testRuntimeClasspath
org.bytedeco:javacpp:1.4.1=compileClasspath,runtimeClasspath,testCompileClasspath,testFixturesRuntimeClasspath,testRuntimeClasspath
org.bytedeco:javacv:1.4.1=compileClasspath,runtimeClasspath,testCompileClasspath,testFixturesRuntimeClasspath,testRuntimeClasspath
org.checkerframework:checker-qual:3.26.0=testRuntimeClasspath
org.checkerframework:checker-qual:3.33.0=annotationProcessor,errorprone,testAnnotationProcessor,testFixturesAnnotationProcessor
org.checkerframework:checker-qual:3.37.0=compileClasspath,testCompileClasspath,testFixturesCompileClasspath
org.checkerframework:checker-qual:3.8.0=checkstyle
org.checkerframework:dataflow-nullaway:3.26.0=annotationProcessor,errorprone,testAnnotationProcessor,testFixturesAnnotationProcessor
org.codehaus.woodstox:stax2-api:3.1.4=compileClasspath,runtimeClasspath,testCompileClasspath,testFixturesRuntimeClasspath,testRuntimeClasspath
org.datavec:datavec-api:1.0.0-alpha=compileClasspath,runtimeClasspath,testCompileClasspath,testFixturesRuntimeClasspath,testRuntimeClasspath
org.datavec:datavec-data-image:1.0.0-alpha=compileClasspath,runtimeClasspath,testCompileClasspath,testFixturesRuntimeClasspath,testRuntimeClasspath
org.deeplearning4j:deeplearning4j-core:1.0.0-alpha=compileClasspath,runtimeClasspath,testCompileClasspath,testFixturesRuntimeClasspath,testRuntimeClasspath
org.deeplearning4j:deeplearning4j-datasets:1.0.0-alpha=compileClasspath,runtimeClasspath,testCompileClasspath,testFixturesRuntimeClasspath,testRuntimeClasspath
org.deeplearning4j:deeplearning4j-datavec-iterators:1.0.0-alpha=compileClasspath,runtimeClasspath,testCompileClasspath,testFixturesRuntimeClasspath,testRuntimeClasspath
org.deeplearning4j:deeplearning4j-modelimport:1.0.0-alpha=compileClasspath,runtimeClasspath,testCompileClasspath,testFixturesRuntimeClasspath,testRuntimeClasspath
org.deeplearning4j:deeplearning4j-nn:1.0.0-alpha=compileClasspath,runtimeClasspath,testCompileClasspath,testFixturesRuntimeClasspath,testRuntimeClasspath
org.deeplearning4j:deeplearning4j-tsne:1.0.0-alpha=compileClasspath,runtimeClasspath,testCompileClasspath,testFixturesRuntimeClasspath,testRuntimeClasspath
org.deeplearning4j:deeplearning4j-ui-components:1.0.0-alpha=compileClasspath,runtimeClasspath,testCompileClasspath,testFixturesRuntimeClasspath,testRuntimeClasspath
org.deeplearning4j:deeplearning4j-util:1.0.0-alpha=compileClasspath,runtimeClasspath,testCompileClasspath,testFixturesRuntimeClasspath,testRuntimeClasspath
org.deeplearning4j:deeplearning4j-utility-iterators:1.0.0-alpha=compileClasspath,runtimeClasspath,testCompileClasspath,testFixturesRuntimeClasspath,testRuntimeClasspath
org.deeplearning4j:nearestneighbor-core:1.0.0-alpha=compileClasspath,runtimeClasspath,testCompileClasspath,testFixturesRuntimeClasspath,testRuntimeClasspath
org.dom4j:dom4j:2.1.3=spotbugs
org.eclipse.collections:eclipse-collections-api:9.1.0=compileClasspath,runtimeClasspath,testCompileClasspath,testFixturesRuntimeClasspath,testRuntimeClasspath
org.eclipse.collections:eclipse-collections:9.1.0=compileClasspath,runtimeClasspath,testCompileClasspath,testFixturesRuntimeClasspath,testRuntimeClasspath
org.eclipse.jgit:org.eclipse.jgit:4.4.1.201607150455-r=annotationProcessor,errorprone,testAnnotationProcessor,testFixturesAnnotationProcessor
org.freemarker:freemarker:2.3.32=compileClasspath,runtimeClasspath,testCompileClasspath,testFixturesRuntimeClasspath,testRuntimeClasspath
org.jacoco:org.jacoco.agent:0.8.9=jacocoAgent,jacocoAnt
org.jacoco:org.jacoco.ant:0.8.9=jacocoAnt
org.jacoco:org.jacoco.core:0.8.9=jacocoAnt
org.jacoco:org.jacoco.report:0.8.9=jacocoAnt
org.javassist:javassist:3.18.2-GA=compileClasspath,runtimeClasspath,testCompileClasspath,testFixturesRuntimeClasspath,testRuntimeClasspath
org.javassist:javassist:3.26.0-GA=checkstyle
org.jetbrains:annotations:13.0=compileClasspath,runtimeClasspath,testCompileClasspath,testFixturesRuntimeClasspath,testRuntimeClasspath
org.junit.jupiter:junit-jupiter-api:5.10.0=testCompileClasspath,testRuntimeClasspath
org.junit.jupiter:junit-jupiter-engine:5.10.0=testRuntimeClasspath
org.junit.jupiter:junit-jupiter-params:5.10.0=testCompileClasspath,testRuntimeClasspath
org.junit.platform:junit-platform-commons:1.10.0=testCompileClasspath,testRuntimeClasspath
org.junit.platform:junit-platform-engine:1.10.0=testRuntimeClasspath
org.junit.platform:junit-platform-launcher:1.10.0=testRuntimeClasspath
org.junit:junit-bom:5.10.0=testCompileClasspath,testRuntimeClasspath
org.junit:junit-bom:5.8.2=spotbugs
org.nd4j:jackson:1.0.0-alpha=compileClasspath,runtimeClasspath,testCompileClasspath,testFixturesRuntimeClasspath,testRuntimeClasspath
org.nd4j:nd4j-api:1.0.0-alpha=compileClasspath,runtimeClasspath,testCompileClasspath,testFixturesRuntimeClasspath,testRuntimeClasspath
org.nd4j:nd4j-base64:1.0.0-alpha=compileClasspath,runtimeClasspath,testCompileClasspath,testFixturesRuntimeClasspath,testRuntimeClasspath
org.nd4j:nd4j-buffer:1.0.0-alpha=compileClasspath,runtimeClasspath,testCompileClasspath,testFixturesRuntimeClasspath,testRuntimeClasspath
org.nd4j:nd4j-common:1.0.0-alpha=compileClasspath,runtimeClasspath,testCompileClasspath,testFixturesRuntimeClasspath,testRuntimeClasspath
org.nd4j:nd4j-context:1.0.0-alpha=compileClasspath,runtimeClasspath,testCompileClasspath,testFixturesRuntimeClasspath,testRuntimeClasspath
org.nd4j:nd4j-jackson:1.0.0-alpha=compileClasspath,runtimeClasspath,testCompileClasspath,testFixturesRuntimeClasspath,testRuntimeClasspath
org.nd4j:nd4j-native-api:1.0.0-alpha=runtimeClasspath,testFixturesRuntimeClasspath,testRuntimeClasspath
org.nd4j:nd4j-native:1.0.0-alpha=runtimeClasspath,testFixturesRuntimeClasspath,testRuntimeClasspath
org.objenesis:objenesis:2.6=compileClasspath,runtimeClasspath,testCompileClasspath,testFixturesRuntimeClasspath,testRuntimeClasspath
org.opentest4j:opentest4j:1.3.0=testCompileClasspath,testRuntimeClasspath
org.ow2.asm:asm-analysis:9.2=spotbugs
org.ow2.asm:asm-commons:9.2=spotbugs
org.ow2.asm:asm-commons:9.5=jacocoAnt
org.ow2.asm:asm-tree:9.2=spotbugs
org.ow2.asm:asm-tree:9.5=jacocoAnt
org.ow2.asm:asm-util:9.2=spotbugs
org.ow2.asm:asm:9.1=testCompileClasspath,testRuntimeClasspath
org.ow2.asm:asm:9.2=spotbugs
org.ow2.asm:asm:9.5=jacocoAnt
org.pcollections:pcollections:3.1.4=annotationProcessor,errorprone,testAnnotationProcessor,testFixturesAnnotationProcessor
org.projectlombok:lombok:1.18.28=compileClasspath,runtimeClasspath,testCompileClasspath,testFixturesRuntimeClasspath,testRuntimeClasspath
org.reflections:reflections:0.9.10=compileClasspath,runtimeClasspath,testCompileClasspath,testFixturesRuntimeClasspath,testRuntimeClasspath
org.reflections:reflections:0.9.12=checkstyle
org.slf4j:jul-to-slf4j:1.7.36=runtimeClasspath,testFixturesRuntimeClasspath,testRuntimeClasspath
org.slf4j:slf4j-api:1.7.36=compileClasspath,runtimeClasspath,testCompileClasspath,testFixturesRuntimeClasspath,testRuntimeClasspath
org.slf4j:slf4j-api:1.8.0-beta4=spotbugs
org.slf4j:slf4j-api:2.0.0=spotbugsSlf4j
org.slf4j:slf4j-simple:2.0.0=spotbugsSlf4j
org.springframework.boot:spring-boot-autoconfigure:2.7.14=compileClasspath,runtimeClasspath,testCompileClasspath,testFixturesRuntimeClasspath,testRuntimeClasspath
org.springframework.boot:spring-boot-starter-log4j2:2.7.14=runtimeClasspath,testFixturesRuntimeClasspath,testRuntimeClasspath
org.springframework.boot:spring-boot-starter-parent:2.7.14=compileClasspath,runtimeClasspath,testCompileClasspath,testFixturesRuntimeClasspath,testRuntimeClasspath
org.springframework.boot:spring-boot-starter:2.7.14=runtimeClasspath,testFixturesRuntimeClasspath,testRuntimeClasspath
org.springframework.boot:spring-boot:2.7.14=compileClasspath,runtimeClasspath,testCompileClasspath,testFixturesRuntimeClasspath,testRuntimeClasspath
org.springframework:spring-aop:5.3.29=compileClasspath,runtimeClasspath,testCompileClasspath,testFixturesRuntimeClasspath,testRuntimeClasspath
org.springframework:spring-beans:5.3.29=compileClasspath,runtimeClasspath,testCompileClasspath,testFixturesRuntimeClasspath,testRuntimeClasspath
org.springframework:spring-context:5.3.29=compileClasspath,runtimeClasspath,testCompileClasspath,testFixturesRuntimeClasspath,testRuntimeClasspath
org.springframework:spring-core:5.3.29=compileClasspath,runtimeClasspath,testCompileClasspath,testFixturesRuntimeClasspath,testRuntimeClasspath
org.springframework:spring-expression:5.3.29=compileClasspath,runtimeClasspath,testCompileClasspath,testFixturesRuntimeClasspath,testRuntimeClasspath
org.springframework:spring-jcl:5.3.29=compileClasspath,runtimeClasspath,testCompileClasspath,testFixturesRuntimeClasspath,testRuntimeClasspath
org.threadly:threadly:4.10.0=compileClasspath,runtimeClasspath,testCompileClasspath,testFixturesRuntimeClasspath,testRuntimeClasspath
org.yaml:snakeyaml:1.30=compileClasspath,runtimeClasspath,testCompileClasspath,testFixturesRuntimeClasspath,testRuntimeClasspath
uk.com.robust-it:cloning:1.9.3=compileClasspath,runtimeClasspath,testCompileClasspath,testFixturesRuntimeClasspath,testRuntimeClasspath
empty=spotbugsPlugins
